<?xml version="1.0" encoding="UTF-8" standalone="yes" ?>
<CodeBlocks_project_file>
	<FileVersion major="1" minor="6" />
	<Project>
		<Option title="TSUEngine" />
		<Option pch_mode="2" />
		<Option compiler="gcc" />
		<Build>
			<Target title="default">
				<Option output="..\release\TSUEngine_noSSE" prefix_auto="1" extension_auto="1" />
				<Option working_dir="..\release" />
				<Option object_output="..\object\default" />
				<Option type="0" />
				<Option compiler="gcc" />
			</Target>
			<Target title="SSE">
				<Option output="..\release\TSUEngine_SSE" prefix_auto="1" extension_auto="1" />
				<Option working_dir="..\release" />
				<Option object_output="..\object\SSE" />
				<Option type="0" />
				<Option compiler="gcc" />
				<Compiler>
					<Add option="-march=pentium3" />
				</Compiler>
			</Target>
			<Target title="SSE2">
				<Option platforms="Windows;" />
				<Option output="..\release\TSUEngine_SSE2" prefix_auto="1" extension_auto="1" />
				<Option working_dir="..\release" />
				<Option object_output="..\object\SSE2" />
				<Option type="0" />
				<Option compiler="gcc" />
				<Compiler>
					<Add option="-march=pentium4" />
				</Compiler>
			</Target>
			<Target title="SSE3">
				<Option output="..\release\TSUEngine_SSE3" prefix_auto="1" extension_auto="1" />
				<Option working_dir="..\release" />
				<Option object_output="..\object\SSE3" />
				<Option type="0" />
				<Option compiler="gcc" />
				<Compiler>
					<Add option="-march=prescott" />
				</Compiler>
			</Target>
		</Build>
		<VirtualTargets>
			<Add alias="All" targets="default;SSE;SSE2;SSE3;" />
		</VirtualTargets>
		<Compiler>
			<Add option="-O2" />
			<Add option="-O1" />
			<Add option="-O" />
			<Add option="-mthreads" />
			<Add option="-DBOOST_THREAD_USE_LIB" />
			<Add option="-DGLEW_STATIC" />
			<Add option="-D_WIN32_WINNT=0x0501" />
			<Add option="-DCURL_STATICLIB" />
			<Add option="-DCURLPP_STATICLIB" />
			<Add option="-DBT_USE_DOUBLE_PRECISION" />
			<Add directory="libs" />
			<Add directory="gui" />
			<Add directory="..\libs" />
			<Add directory="..\libs\FTGL" />
			<Add directory="." />
			<Add directory="..\libs\bullet" />
		</Compiler>
		<Linker>
			<Add option="-static-libgcc" />
			<Add library="freetype" />
			<Add library="ftgl.dll" />
			<Add library="uuid" />
			<Add library="glew" />
			<Add library="opengl32" />
			<Add library="glu32" />
			<Add library="dinput8" />
			<Add library="dxguid" />
			<Add library="devil" />
			<Add library="ilu" />
			<Add library="ilut" />
			<Add library="BulletDynamics" />
			<Add library="BulletCollision" />
			<Add library="LinearMath" />
			<Add library="ws2_32" />
			<Add library="boost_thread-mgw45-mt-1_47" />
			<Add library="boost_system-mgw45-mt-1_47" />
			<Add library="boost_filesystem-mgw45-mt-1_47" />
			<Add library="boost_regex-mgw45-mt-1_47" />
			<Add library="boost_date_time-mgw45-mt-1_47" />
			<Add library="curlpp" />
			<Add library="curl" />
			<Add library="WSock32" />
			<Add library="WLdap32" />
			<Add library="mingw32" />
			<Add library="gcc" />
			<Add directory="..\libs" />
		</Linker>
		<Unit filename="..\libs\json\json.h" />
		<Unit filename="..\libs\json\json_spirit.h" />
		<Unit filename="..\libs\json\json_spirit_error_position.h" />
		<Unit filename="..\libs\json\json_spirit_reader.cpp" />
		<Unit filename="..\libs\json\json_spirit_reader.h" />
		<Unit filename="..\libs\json\json_spirit_reader_template.h" />
		<Unit filename="..\libs\json\json_spirit_stream_reader.h" />
		<Unit filename="..\libs\json\json_spirit_utils.h" />
		<Unit filename="..\libs\json\json_spirit_value.cpp" />
		<Unit filename="..\libs\json\json_spirit_value.h" />
		<Unit filename="..\libs\json\json_spirit_writer.cpp" />
		<Unit filename="..\libs\json\json_spirit_writer.h" />
		<Unit filename="..\libs\json\json_spirit_writer_template.h" />
		<Unit filename="..\libs\md5\md5.cc" />
		<Unit filename="..\libs\md5\md5.hh" />
		<Unit filename="CBaseEngine.cpp" />
		<Unit filename="CBaseEngine.h" />
		<Unit filename="CCameraMgr.cpp" />
		<Unit filename="CCameraMgr.h" />
		<Unit filename="CEntMgr.cpp" />
		<Unit filename="CEntMgr.h" />
		<Unit filename="CFontMgr.cpp" />
		<Unit filename="CFontMgr.h" />
		<Unit filename="CGraphicsMgr.cpp" />
		<Unit filename="CGraphicsMgr.h" />
		<Unit filename="CGuiMgr.cpp" />
		<Unit filename="CGuiMgr.h" />
		<Unit filename="CInputMgr.cpp" />
		<Unit filename="CInputMgr.h" />
		<Unit filename="CMapMgr.cpp" />
		<Unit filename="CMapMgr.h" />
		<Unit filename="CMaterialMgr.cpp" />
		<Unit filename="CMaterialMgr.h" />
		<Unit filename="CModelMgr.cpp" />
		<Unit filename="CModelMgr.h" />
		<Unit filename="CNetwork.cpp" />
		<Unit filename="CNetwork.h" />
		<Unit filename="CParamMgr.cpp" />
		<Unit filename="CParamMgr.h" />
		<Unit filename="CPhysicsMgr.cpp" />
		<Unit filename="CPhysicsMgr.h" />
		<Unit filename="CShaderMgr.cpp" />
		<Unit filename="CShaderMgr.h" />
		<Unit filename="DescriptorList.h" />
		<Unit filename="Font.cpp" />
		<Unit filename="Font.h" />
		<Unit filename="FontBase.cpp" />
		<Unit filename="FontBase.h" />
		<Unit filename="const.h" />
		<Unit filename="datatypes.cpp" />
		<Unit filename="datatypes.h" />
		<Unit filename="elements\Light.cpp" />
		<Unit filename="elements\Light.h" />
		<Unit filename="elements\Material.cpp" />
		<Unit filename="elements\Material.h" />
		<Unit filename="elements\Model.cpp" />
		<Unit filename="elements\Model.h" />
		<Unit filename="elements\ModelBase.cpp" />
		<Unit filename="elements\ModelBase.h" />
		<Unit filename="elements\PhysicsModel.cpp" />
		<Unit filename="elements\PhysicsModel.h" />
		<Unit filename="elements\Plane.cpp" />
		<Unit filename="elements\Plane.h" />
		<Unit filename="elements\PointLight.cpp" />
		<Unit filename="elements\PointLight.h" />
		<Unit filename="elements\Program.cpp" />
		<Unit filename="elements\Program.h" />
		<Unit filename="elements\StaticModel.cpp" />
		<Unit filename="elements\StaticModel.h" />
		<Unit filename="elements\StaticModelImpl.cpp" />
		<Unit filename="elements\StaticModelImpl.h" />
		<Unit filename="elements\StaticModelPart.cpp" />
		<Unit filename="elements\StaticModelPart.h" />
		<Unit filename="elements\Vertex.h" />
		<Unit filename="elements\modifiers\Modifier.cpp" />
		<Unit filename="elements\modifiers\Modifier.h" />
		<Unit filename="elements\modifiers\ModifierBase.cpp" />
		<Unit filename="elements\modifiers\ModifierBase.h" />
		<Unit filename="elements\modifiers\Value.h" />
		<Unit filename="elements\modifiers\linear.h" />
		<Unit filename="elements\modifiers\sine.h" />
		<Unit filename="entities\CBaseEntity.cpp" />
		<Unit filename="entities\CBaseEntity.h" />
		<Unit filename="entities\CDoorBase.cpp" />
		<Unit filename="entities\CDoorBase.h" />
		<Unit filename="entities\CDoorRotating.cpp" />
		<Unit filename="entities\CDoorRotating.h" />
		<Unit filename="entities\CFuncButton.cpp" />
		<Unit filename="entities\CFuncButton.h" />
		<Unit filename="entities\CGame.cpp" />
		<Unit filename="entities\CGame.h" />
		<Unit filename="entities\CLogicEntity.cpp" />
		<Unit filename="entities\CLogicEntity.h" />
		<Unit filename="entities\CModelEntity.cpp" />
		<Unit filename="entities\CModelEntity.h" />
		<Unit filename="entities\CPlayer.cpp" />
		<Unit filename="entities\CPlayer.h" />
		<Unit filename="entities\CPropDynamic.cpp" />
		<Unit filename="entities\CPropDynamic.h" />
		<Unit filename="entities\CPropStatic.cpp" />
		<Unit filename="entities\CPropStatic.h" />
		<Unit filename="entities\CPropToggle.cpp" />
		<Unit filename="entities\CPropToggle.h" />
		<Unit filename="entities\CTriggerSphere.cpp" />
		<Unit filename="entities\CTriggerSphere.h" />
		<Unit filename="entities\CVisibleEntity.cpp" />
		<Unit filename="entities\CVisibleEntity.h" />
		<Unit filename="entities\CWorld.cpp" />
		<Unit filename="entities\CWorld.h" />
		<Unit filename="entities\CWorldEntity.cpp" />
		<Unit filename="entities\CWorldEntity.h" />
		<Unit filename="exceptions.cpp" />
		<Unit filename="exceptions.h" />
		<Unit filename="globals.cpp" />
		<Unit filename="globals.h" />
		<Unit filename="gui\CAbstractButton.cpp" />
		<Unit filename="gui\CAbstractButton.h" />
		<Unit filename="gui\CAbstractToggle.cpp" />
		<Unit filename="gui\CAbstractToggle.h" />
		<Unit filename="gui\CActionListenerPanel.h" />
		<Unit filename="gui\CAutoSizePanel.cpp" />
		<Unit filename="gui\CAutoSizePanel.h" />
		<Unit filename="gui\CBgFade.cpp" />
		<Unit filename="gui\CBgFade.h" />
		<Unit filename="gui\CBox.h" />
		<Unit filename="gui\CButton.cpp" />
		<Unit filename="gui\CButton.h" />
		<Unit filename="gui\CCenteredWindow.cpp" />
		<Unit filename="gui\CCenteredWindow.h" />
		<Unit filename="gui\CCheckBox.cpp" />
		<Unit filename="gui\CCheckBox.h" />
		<Unit filename="gui\CConsole.cpp" />
		<Unit filename="gui\CConsole.h" />
		<Unit filename="gui\CDownloadMaps.cpp" />
		<Unit filename="gui\CDownloadMaps.h" />
		<Unit filename="gui\CDraggable.cpp" />
		<Unit filename="gui\CDraggable.h" />
		<Unit filename="gui\CEndFailure.cpp" />
		<Unit filename="gui\CEndFailure.h" />
		<Unit filename="gui\CEndSuccess.cpp" />
		<Unit filename="gui\CEndSuccess.h" />
		<Unit filename="gui\CGuiPanel.cpp" />
		<Unit filename="gui\CGuiPanel.h" />
		<Unit filename="gui\CLabel.cpp" />
		<Unit filename="gui\CLabel.h" />
		<Unit filename="gui\CListBox.cpp" />
		<Unit filename="gui\CListBox.h" />
		<Unit filename="gui\CMainMenu.cpp" />
		<Unit filename="gui\CMainMenu.h" />
		<Unit filename="gui\CNewGame.cpp" />
		<Unit filename="gui\CNewGame.h" />
		<Unit filename="gui\CScrollBar.cpp" />
		<Unit filename="gui\CScrollBar.h" />
		<Unit filename="gui\CScrollable.cpp" />
		<Unit filename="gui\CScrollable.h" />
		<Unit filename="gui\CStencilPanel.h" />
		<Unit filename="gui\CSubmitScore.cpp" />
		<Unit filename="gui\CSubmitScore.h" />
		<Unit filename="gui\CText.cpp" />
		<Unit filename="gui\CText.h" />
		<Unit filename="gui\CTextField.cpp" />
		<Unit filename="gui\CTextField.h" />
		<Unit filename="gui\CWindow.cpp" />
		<Unit filename="gui\CWindow.h" />
		<Unit filename="gui\listeners\CListener.h" />
		<Unit filename="gui\listeners\CListenerMemberFn.cpp" />
		<Unit filename="gui\listeners\CListenerMemberFn.h" />
		<Unit filename="macros.h" />
		<Unit filename="main.cpp" />
		<Unit filename="rgb.cpp" />
		<Unit filename="rgb.h" />
		<Unit filename="rgba.cpp" />
		<Unit filename="rgba.h" />
		<Unit filename="typedefs.h" />
		<Unit filename="utils\AsyncDownloader.cpp" />
		<Unit filename="utils\AsyncDownloader.h" />
		<Unit filename="utils\CameraTransform.cpp" />
		<Unit filename="utils\CameraTransform.h" />
		<Unit filename="utils\FilteredClosestRayResultCallback.cpp" />
		<Unit filename="utils\FilteredClosestRayResultCallback.h" />
		<Unit filename="utils\Singleton.cpp" />
		<Unit filename="utils\Singleton.h" />
		<Unit filename="utils\Thinker.cpp" />
		<Unit filename="utils\Thinker.h" />
		<Unit filename="utils\any.h" />
		<Unit filename="utils\math.cpp" />
		<Unit filename="utils\math.h" />
		<Unit filename="utils\network.cpp" />
		<Unit filename="utils\network.h">
			<Option target="&lt;{~None~}&gt;" />
		</Unit>
		<Unit filename="utils\stringUtils.cpp" />
		<Unit filename="utils\stringUtils.h" />
		<Unit filename="vec2d.cpp" />
		<Unit filename="vec2d.h" />
		<Unit filename="vec3d.cpp" />
		<Unit filename="vec3d.h" />
		<Unit filename="vecBase.h" />
		<Unit filename="vecOpBase.h" />
		<Extensions>
			<code_completion />
			<envvars />
			<debugger />
			<AutoVersioning>
				<Scheme minor_max="99" build_max="9999" rev_max="9999" rev_rand_max="10" build_times_to_increment_minor="100" />
				<Settings autoincrement="1" date_declarations="1" do_auto_increment="1" ask_to_increment="0" language="C++" svn="0" svn_directory="" header_path="version.h" />
				<Changes_Log show_changes_editor="0" app_title="released version %M.%m.%b of %p" changeslog_path="ChangesLog.txt" />
				<Code header_guard="VERSION_H" namespace="AutoVersion" prefix="" />
			</AutoVersioning>
		</Extensions>
	</Project>
</CodeBlocks_project_file>
